// !$*UTF8*$!
{
	archiveVersion = 1;
	classes = {
	};
	objectVersion = 56;
	objects = {

/* Begin PBXBuildFile section */
		2909BB5E2B6182EF00B5810C /* German_Noun_HighlighterApp.swift in Sources */ = {isa = PBXBuildFile; fileRef = 2909BB5D2B6182EF00B5810C /* German_Noun_HighlighterApp.swift */; };
		2909BB602B6182EF00B5810C /* TextEntryView.swift in Sources */ = {isa = PBXBuildFile; fileRef = 2909BB5F2B6182EF00B5810C /* TextEntryView.swift */; };
		2909BB622B6182F200B5810C /* Assets.xcassets in Resources */ = {isa = PBXBuildFile; fileRef = 2909BB612B6182F200B5810C /* Assets.xcassets */; };
		2909BB652B6182F200B5810C /* Preview Assets.xcassets in Resources */ = {isa = PBXBuildFile; fileRef = 2909BB642B6182F200B5810C /* Preview Assets.xcassets */; };
		2909BB6C2B619B7400B5810C /* ResultTextView.swift in Sources */ = {isa = PBXBuildFile; fileRef = 2909BB6B2B619B7400B5810C /* ResultTextView.swift */; };
		2909BB6E2B619BD500B5810C /* SampleData.swift in Sources */ = {isa = PBXBuildFile; fileRef = 2909BB6D2B619BD500B5810C /* SampleData.swift */; };
		2909BB712B61A81600B5810C /* NounGender.swift in Sources */ = {isa = PBXBuildFile; fileRef = 2909BB702B61A81600B5810C /* NounGender.swift */; };
		2909BB732B61A9AA00B5810C /* NounDictionary.swift in Sources */ = {isa = PBXBuildFile; fileRef = 2909BB722B61A9AA00B5810C /* NounDictionary.swift */; };
		2909BB782B61B59500B5810C /* german_noun_list.csv in Resources */ = {isa = PBXBuildFile; fileRef = 2909BB772B61B59500B5810C /* german_noun_list.csv */; };
		2909BB7A2B623FF800B5810C /* String+Ext.swift in Sources */ = {isa = PBXBuildFile; fileRef = 2909BB792B623FF800B5810C /* String+Ext.swift */; };
		2909BB7C2B625C9400B5810C /* AttributedTextEditor.swift in Sources */ = {isa = PBXBuildFile; fileRef = 2909BB7B2B625C9400B5810C /* AttributedTextEditor.swift */; };
/* End PBXBuildFile section */

/* Begin PBXFileReference section */
		2909BB5A2B6182EF00B5810C /* German Noun Highlighter.app */ = {isa = PBXFileReference; explicitFileType = wrapper.application; includeInIndex = 0; path = "German Noun Highlighter.app"; sourceTree = BUILT_PRODUCTS_DIR; };
		2909BB5D2B6182EF00B5810C /* German_Noun_HighlighterApp.swift */ = {isa = PBXFileReference; lastKnownFileType = sourcecode.swift; path = German_Noun_HighlighterApp.swift; sourceTree = "<group>"; };
		2909BB5F2B6182EF00B5810C /* TextEntryView.swift */ = {isa = PBXFileReference; lastKnownFileType = sourcecode.swift; path = TextEntryView.swift; sourceTree = "<group>"; };
		2909BB612B6182F200B5810C /* Assets.xcassets */ = {isa = PBXFileReference; lastKnownFileType = folder.assetcatalog; path = Assets.xcassets; sourceTree = "<group>"; };
		2909BB642B6182F200B5810C /* Preview Assets.xcassets */ = {isa = PBXFileReference; lastKnownFileType = folder.assetcatalog; path = "Preview Assets.xcassets"; sourceTree = "<group>"; };
		2909BB6B2B619B7400B5810C /* ResultTextView.swift */ = {isa = PBXFileReference; lastKnownFileType = sourcecode.swift; path = ResultTextView.swift; sourceTree = "<group>"; };
		2909BB6D2B619BD500B5810C /* SampleData.swift */ = {isa = PBXFileReference; lastKnownFileType = sourcecode.swift; path = SampleData.swift; sourceTree = "<group>"; };
		2909BB702B61A81600B5810C /* NounGender.swift */ = {isa = PBXFileReference; lastKnownFileType = sourcecode.swift; path = NounGender.swift; sourceTree = "<group>"; };
		2909BB722B61A9AA00B5810C /* NounDictionary.swift */ = {isa = PBXFileReference; lastKnownFileType = sourcecode.swift; path = NounDictionary.swift; sourceTree = "<group>"; };
		2909BB772B61B59500B5810C /* german_noun_list.csv */ = {isa = PBXFileReference; fileEncoding = 4; lastKnownFileType = text; path = german_noun_list.csv; sourceTree = "<group>"; };
		2909BB792B623FF800B5810C /* String+Ext.swift */ = {isa = PBXFileReference; lastKnownFileType = sourcecode.swift; path = "String+Ext.swift"; sourceTree = "<group>"; };
		2909BB7B2B625C9400B5810C /* AttributedTextEditor.swift */ = {isa = PBXFileReference; lastKnownFileType = sourcecode.swift; path = AttributedTextEditor.swift; sourceTree = "<group>"; };
/* End PBXFileReference section */

/* Begin PBXFrameworksBuildPhase section */
		2909BB572B6182EF00B5810C /* Frameworks */ = {
			isa = PBXFrameworksBuildPhase;
			buildActionMask = 2147483647;
			files = (
			);
			runOnlyForDeploymentPostprocessing = 0;
		};
/* End PBXFrameworksBuildPhase section */

/* Begin PBXGroup section */
		2909BB512B6182EF00B5810C = {
			isa = PBXGroup;
			children = (
				2909BB5C2B6182EF00B5810C /* German Noun Highlighter */,
				2909BB5B2B6182EF00B5810C /* Products */,
			);
			sourceTree = "<group>";
		};
		2909BB5B2B6182EF00B5810C /* Products */ = {
			isa = PBXGroup;
			children = (
				2909BB5A2B6182EF00B5810C /* German Noun Highlighter.app */,
			);
			name = Products;
			sourceTree = "<group>";
		};
		2909BB5C2B6182EF00B5810C /* German Noun Highlighter */ = {
			isa = PBXGroup;
			children = (
				2909BB742B61AED800B5810C /* Resources */,
				2909BB6F2B61A80C00B5810C /* Models */,
				2909BB5D2B6182EF00B5810C /* German_Noun_HighlighterApp.swift */,
				2909BB5F2B6182EF00B5810C /* TextEntryView.swift */,
				2909BB792B623FF800B5810C /* String+Ext.swift */,
				2909BB612B6182F200B5810C /* Assets.xcassets */,
				2909BB632B6182F200B5810C /* Preview Content */,
				2909BB6B2B619B7400B5810C /* ResultTextView.swift */,
				2909BB6D2B619BD500B5810C /* SampleData.swift */,
				2909BB7B2B625C9400B5810C /* AttributedTextEditor.swift */,
			);
			path = "German Noun Highlighter";
			sourceTree = "<group>";
		};
		2909BB632B6182F200B5810C /* Preview Content */ = {
			isa = PBXGroup;
			children = (
				2909BB642B6182F200B5810C /* Preview Assets.xcassets */,
			);
			path = "Preview Content";
			sourceTree = "<group>";
		};
		2909BB6F2B61A80C00B5810C /* Models */ = {
			isa = PBXGroup;
			children = (
				2909BB702B61A81600B5810C /* NounGender.swift */,
				2909BB722B61A9AA00B5810C /* NounDictionary.swift */,
			);
			path = Models;
			sourceTree = "<group>";
		};
		2909BB742B61AED800B5810C /* Resources */ = {
			isa = PBXGroup;
			children = (
				2909BB772B61B59500B5810C /* german_noun_list.csv */,
			);
			path = Resources;
			sourceTree = "<group>";
		};
/* End PBXGroup section */

/* Begin PBXNativeTarget section */
		2909BB592B6182EF00B5810C /* German Noun Highlighter */ = {
			isa = PBXNativeTarget;
			buildConfigurationList = 2909BB682B6182F200B5810C /* Build configuration list for PBXNativeTarget "German Noun Highlighter" */;
			buildPhases = (
				2909BB562B6182EF00B5810C /* Sources */,
				2909BB572B6182EF00B5810C /* Frameworks */,
				2909BB582B6182EF00B5810C /* Resources */,
			);
			buildRules = (
			);
			dependencies = (
			);
			name = "German Noun Highlighter";
			productName = "German Noun Highlighter";
			productReference = 2909BB5A2B6182EF00B5810C /* German Noun Highlighter.app */;
			productType = "com.apple.product-type.application";
		};
/* End PBXNativeTarget section */

/* Begin PBXProject section */
		2909BB522B6182EF00B5810C /* Project object */ = {
			isa = PBXProject;
			attributes = {
				BuildIndependentTargetsInParallel = 1;
				LastSwiftUpdateCheck = 1520;
				LastUpgradeCheck = 1520;
				TargetAttributes = {
					2909BB592B6182EF00B5810C = {
						CreatedOnToolsVersion = 15.2;
					};
				};
			};
			buildConfigurationList = 2909BB552B6182EF00B5810C /* Build configuration list for PBXProject "German Noun Highlighter" */;
			compatibilityVersion = "Xcode 14.0";
			developmentRegion = en;
			hasScannedForEncodings = 0;
			knownRegions = (
				en,
				Base,
			);
			mainGroup = 2909BB512B6182EF00B5810C;
			productRefGroup = 2909BB5B2B6182EF00B5810C /* Products */;
			projectDirPath = "";
			projectRoot = "";
			targets = (
				2909BB592B6182EF00B5810C /* German Noun Highlighter */,
			);
		};
/* End PBXProject section */

/* Begin PBXResourcesBuildPhase section */
		2909BB582B6182EF00B5810C /* Resources */ = {
			isa = PBXResourcesBuildPhase;
			buildActionMask = 2147483647;
			files = (
				2909BB782B61B59500B5810C /* german_noun_list.csv in Resources */,
				2909BB652B6182F200B5810C /* Preview Assets.xcassets in Resources */,
				2909BB622B6182F200B5810C /* Assets.xcassets in Resources */,
			);
			runOnlyForDeploymentPostprocessing = 0;
		};
/* End PBXResourcesBuildPhase section */

/* Begin PBXSourcesBuildPhase section */
		2909BB562B6182EF00B5810C /* Sources */ = {
			isa = PBXSourcesBuildPhase;
			buildActionMask = 2147483647;
			files = (
				2909BB712B61A81600B5810C /* NounGender.swift in Sources */,
				2909BB7C2B625C9400B5810C /* AttributedTextEditor.swift in Sources */,
				2909BB7A2B623FF800B5810C /* String+Ext.swift in Sources */,
				2909BB6C2B619B7400B5810C /* ResultTextView.swift in Sources */,
				2909BB602B6182EF00B5810C /* TextEntryView.swift in Sources */,
				2909BB5E2B6182EF00B5810C /* German_Noun_HighlighterApp.swift in Sources */,
				2909BB6E2B619BD500B5810C /* SampleData.swift in Sources */,
				2909BB732B61A9AA00B5810C /* NounDictionary.swift in Sources */,
			);
			runOnlyForDeploymentPostprocessing = 0;
		};
/* End PBXSourcesBuildPhase section */

/* Begin XCBuildConfiguration section */
		2909BB662B6182F200B5810C /* Debug */ = {
			isa = XCBuildConfiguration;
			buildSettings = {
				ALWAYS_SEARCH_USER_PATHS = NO;
				ASSETCATALOG_COMPILER_GENERATE_SWIFT_ASSET_SYMBOL_EXTENSIONS = YES;
				CLANG_ANALYZER_NONNULL = YES;
				CLANG_ANALYZER_NUMBER_OBJECT_CONVERSION = YES_AGGRESSIVE;
				CLANG_CXX_LANGUAGE_STANDARD = "gnu++20";
				CLANG_ENABLE_MODULES = YES;
				CLANG_ENABLE_OBJC_ARC = YES;
				CLANG_ENABLE_OBJC_WEAK = YES;
				CLANG_WARN_BLOCK_CAPTURE_AUTORELEASING = YES;
				CLANG_WARN_BOOL_CONVERSION = YES;
				CLANG_WARN_COMMA = YES;
				CLANG_WARN_CONSTANT_CONVERSION = YES;
				CLANG_WARN_DEPRECATED_OBJC_IMPLEMENTATIONS = YES;
				CLANG_WARN_DIRECT_OBJC_ISA_USAGE = YES_ERROR;
				CLANG_WARN_DOCUMENTATION_COMMENTS = YES;
				CLANG_WARN_EMPTY_BODY = YES;
				CLANG_WARN_ENUM_CONVERSION = YES;
				CLANG_WARN_INFINITE_RECURSION = YES;
				CLANG_WARN_INT_CONVERSION = YES;
				CLANG_WARN_NON_LITERAL_NULL_CONVERSION = YES;
				CLANG_WARN_OBJC_IMPLICIT_RETAIN_SELF = YES;
				CLANG_WARN_OBJC_LITERAL_CONVERSION = YES;
				CLANG_WARN_OBJC_ROOT_CLASS = YES_ERROR;
				CLANG_WARN_QUOTED_INCLUDE_IN_FRAMEWORK_HEADER = YES;
				CLANG_WARN_RANGE_LOOP_ANALYSIS = YES;
				CLANG_WARN_STRICT_PROTOTYPES = YES;
				CLANG_WARN_SUSPICIOUS_MOVE = YES;
				CLANG_WARN_UNGUARDED_AVAILABILITY = YES_AGGRESSIVE;
				CLANG_WARN_UNREACHABLE_CODE = YES;
				CLANG_WARN__DUPLICATE_METHOD_MATCH = YES;
				COPY_PHASE_STRIP = NO;
				DEBUG_INFORMATION_FORMAT = dwarf;
				ENABLE_STRICT_OBJC_MSGSEND = YES;
				ENABLE_TESTABILITY = YES;
				ENABLE_USER_SCRIPT_SANDBOXING = YES;
				GCC_C_LANGUAGE_STANDARD = gnu17;
				GCC_DYNAMIC_NO_PIC = NO;
				GCC_NO_COMMON_BLOCKS = YES;
				GCC_OPTIMIZATION_LEVEL = 0;
				GCC_PREPROCESSOR_DEFINITIONS = (
					"DEBUG=1",
					"$(inherited)",
				);
				GCC_WARN_64_TO_32_BIT_CONVERSION = YES;
				GCC_WARN_ABOUT_RETURN_TYPE = YES_ERROR;
				GCC_WARN_UNDECLARED_SELECTOR = YES;
				GCC_WARN_UNINITIALIZED_AUTOS = YES_AGGRESSIVE;
				GCC_WARN_UNUSED_FUNCTION = YES;
				GCC_WARN_UNUSED_VARIABLE = YES;
				IPHONEOS_DEPLOYMENT_TARGET = 17.2;
				LOCALIZATION_PREFERS_STRING_CATALOGS = YES;
				MTL_ENABLE_DEBUG_INFO = INCLUDE_SOURCE;
				MTL_FAST_MATH = YES;
				ONLY_ACTIVE_ARCH = YES;
				SDKROOT = iphoneos;
				SWIFT_ACTIVE_COMPILATION_CONDITIONS = "DEBUG $(inherited)";
				SWIFT_OPTIMIZATION_LEVEL = "-Onone";
			};
			name = Debug;
		};
		2909BB672B6182F200B5810C /* Release */ = {
			isa = XCBuildConfiguration;
			buildSettings = {
				ALWAYS_SEARCH_USER_PATHS = NO;
				ASSETCATALOG_COMPILER_GENERATE_SWIFT_ASSET_SYMBOL_EXTENSIONS = YES;
				CLANG_ANALYZER_NONNULL = YES;
				CLANG_ANALYZER_NUMBER_OBJECT_CONVERSION = YES_AGGRESSIVE;
				CLANG_CXX_LANGUAGE_STANDARD = "gnu++20";
				CLANG_ENABLE_MODULES = YES;
				CLANG_ENABLE_OBJC_ARC = YES;
				CLANG_ENABLE_OBJC_WEAK = YES;
				CLANG_WARN_BLOCK_CAPTURE_AUTORELEASING = YES;
				CLANG_WARN_BOOL_CONVERSION = YES;
				CLANG_WARN_COMMA = YES;
				CLANG_WARN_CONSTANT_CONVERSION = YES;
				CLANG_WARN_DEPRECATED_OBJC_IMPLEMENTATIONS = YES;
				CLANG_WARN_DIRECT_OBJC_ISA_USAGE = YES_ERROR;
				CLANG_WARN_DOCUMENTATION_COMMENTS = YES;
				CLANG_WARN_EMPTY_BODY = YES;
				CLANG_WARN_ENUM_CONVERSION = YES;
				CLANG_WARN_INFINITE_RECURSION = YES;
				CLANG_WARN_INT_CONVERSION = YES;
				CLANG_WARN_NON_LITERAL_NULL_CONVERSION = YES;
				CLANG_WARN_OBJC_IMPLICIT_RETAIN_SELF = YES;
				CLANG_WARN_OBJC_LITERAL_CONVERSION = YES;
				CLANG_WARN_OBJC_ROOT_CLASS = YES_ERROR;
				CLANG_WARN_QUOTED_INCLUDE_IN_FRAMEWORK_HEADER = YES;
				CLANG_WARN_RANGE_LOOP_ANALYSIS = YES;
				CLANG_WARN_STRICT_PROTOTYPES = YES;
				CLANG_WARN_SUSPICIOUS_MOVE = YES;
				CLANG_WARN_UNGUARDED_AVAILABILITY = YES_AGGRESSIVE;
				CLANG_WARN_UNREACHABLE_CODE = YES;
				CLANG_WARN__DUPLICATE_METHOD_MATCH = YES;
				COPY_PHASE_STRIP = NO;
				DEBUG_INFORMATION_FORMAT = "dwarf-with-dsym";
				ENABLE_NS_ASSERTIONS = NO;
				ENABLE_STRICT_OBJC_MSGSEND = YES;
				ENABLE_USER_SCRIPT_SANDBOXING = YES;
				GCC_C_LANGUAGE_STANDARD = gnu17;
				GCC_NO_COMMON_BLOCKS = YES;
				GCC_WARN_64_TO_32_BIT_CONVERSION = YES;
				GCC_WARN_ABOUT_RETURN_TYPE = YES_ERROR;
				GCC_WARN_UNDECLARED_SELECTOR = YES;
				GCC_WARN_UNINITIALIZED_AUTOS = YES_AGGRESSIVE;
				GCC_WARN_UNUSED_FUNCTION = YES;
				GCC_WARN_UNUSED_VARIABLE = YES;
				IPHONEOS_DEPLOYMENT_TARGET = 17.2;
				LOCALIZATION_PREFERS_STRING_CATALOGS = YES;
				MTL_ENABLE_DEBUG_INFO = NO;
				MTL_FAST_MATH = YES;
				SDKROOT = iphoneos;
				SWIFT_COMPILATION_MODE = wholemodule;
				VALIDATE_PRODUCT = YES;
			};
			name = Release;
		};
		2909BB692B6182F200B5810C /* Debug */ = {
			isa = XCBuildConfiguration;
			buildSettings = {
				ASSETCATALOG_COMPILER_APPICON_NAME = AppIcon;
				ASSETCATALOG_COMPILER_GLOBAL_ACCENT_COLOR_NAME = AccentColor;
				CODE_SIGN_STYLE = Automatic;
				CURRENT_PROJECT_VERSION = 1;
				DEVELOPMENT_ASSET_PATHS = "\"German Noun Highlighter/Preview Content\"";
				DEVELOPMENT_TEAM = JK23R77JM6;
				ENABLE_PREVIEWS = YES;
				GENERATE_INFOPLIST_FILE = YES;
				INFOPLIST_KEY_UIApplicationSceneManifest_Generation = YES;
				INFOPLIST_KEY_UIApplicationSupportsIndirectInputEvents = YES;
				INFOPLIST_KEY_UILaunchScreen_Generation = YES;
				INFOPLIST_KEY_UISupportedInterfaceOrientations_iPad = "UIInterfaceOrientationPortrait UIInterfaceOrientationPortraitUpsideDown UIInterfaceOrientationLandscapeLeft UIInterfaceOrientationLandscapeRight";
				INFOPLIST_KEY_UISupportedInterfaceOrientations_iPhone = "UIInterfaceOrientationPortrait UIInterfaceOrientationLandscapeLeft UIInterfaceOrientationLandscapeRight";
				LD_RUNPATH_SEARCH_PATHS = (
					"$(inherited)",
					"@executable_path/Frameworks",
				);
				MARKETING_VERSION = 1.0;
				PRODUCT_BUNDLE_IDENTIFIER = "com.tejashdatta.German-Noun-Highlighter";
				PRODUCT_NAME = "$(TARGET_NAME)";
				SWIFT_EMIT_LOC_STRINGS = YES;
				SWIFT_VERSION = 5.0;
				TARGETED_DEVICE_FAMILY = "1,2";
			};
			name = Debug;
		};
		2909BB6A2B6182F200B5810C /* Release */ = {
			isa = XCBuildConfiguration;
			buildSettings = {
				ASSETCATALOG_COMPILER_APPICON_NAME = AppIcon;
				ASSETCATALOG_COMPILER_GLOBAL_ACCENT_COLOR_NAME = AccentColor;
				CODE_SIGN_STYLE = Automatic;
				CURRENT_PROJECT_VERSION = 1;
				DEVELOPMENT_ASSET_PATHS = "\"German Noun Highlighter/Preview Content\"";
				DEVELOPMENT_TEAM = JK23R77JM6;
				ENABLE_PREVIEWS = YES;
				GENERATE_INFOPLIST_FILE = YES;
				INFOPLIST_KEY_UIApplicationSceneManifest_Generation = YES;
				INFOPLIST_KEY_UIApplicationSupportsIndirectInputEvents = YES;
				INFOPLIST_KEY_UILaunchScreen_Generation = YES;
				INFOPLIST_KEY_UISupportedInterfaceOrientations_iPad = "UIInterfaceOrientationPortrait UIInterfaceOrientationPortraitUpsideDown UIInterfaceOrientationLandscapeLeft UIInterfaceOrientationLandscapeRight";
				INFOPLIST_KEY_UISupportedInterfaceOrientations_iPhone = "UIInterfaceOrientationPortrait UIInterfaceOrientationLandscapeLeft UIInterfaceOrientationLandscapeRight";
				LD_RUNPATH_SEARCH_PATHS = (
					"$(inherited)",
					"@executable_path/Frameworks",
				);
				MARKETING_VERSION = 1.0;
				PRODUCT_BUNDLE_IDENTIFIER = "com.tejashdatta.German-Noun-Highlighter";
				PRODUCT_NAME = "$(TARGET_NAME)";
				SWIFT_EMIT_LOC_STRINGS = YES;
				SWIFT_VERSION = 5.0;
				TARGETED_DEVICE_FAMILY = "1,2";
			};
			name = Release;
		};
/* End XCBuildConfiguration section */

/* Begin XCConfigurationList section */
		2909BB552B6182EF00B5810C /* Build configuration list for PBXProject "German Noun Highlighter" */ = {
			isa = XCConfigurationList;
			buildConfigurations = (
				2909BB662B6182F200B5810C /* Debug */,
				2909BB672B6182F200B5810C /* Release */,
			);
			defaultConfigurationIsVisible = 0;
			defaultConfigurationName = Release;
		};
		2909BB682B6182F200B5810C /* Build configuration list for PBXNativeTarget "German Noun Highlighter" */ = {
			isa = XCConfigurationList;
			buildConfigurations = (
				2909BB692B6182F200B5810C /* Debug */,
				2909BB6A2B6182F200B5810C /* Release */,
			);
			defaultConfigurationIsVisible = 0;
			defaultConfigurationName = Release;
		};
/* End XCConfigurationList section */
	};
	rootObject = 2909BB522B6182EF00B5810C /* Project object */;
}
